// !$*UTF8*$!
{
	archiveVersion = 1;
	classes = {
	};
	objectVersion = 48;
	objects = {

/* Begin PBXBuildFile section */
		1116688520BD8E150007DEF6 /* GaussianBlurParallelEngine.m in Sources */ = {isa = PBXBuildFile; fileRef = 1116688420BD8E150007DEF6 /* GaussianBlurParallelEngine.m */; };
		11216617207DF92800730928 /* GaussianBlurEngine.c in Sources */ = {isa = PBXBuildFile; fileRef = 11216616207DF92800730928 /* GaussianBlurEngine.c */; };
		118325C82080B106000F4659 /* GaussianBlurEngine.m in Sources */ = {isa = PBXBuildFile; fileRef = 118325C72080B106000F4659 /* GaussianBlurEngine.m */; };
		11C456BB207127DE006756DB /* AppDelegate.swift in Sources */ = {isa = PBXBuildFile; fileRef = 11C456BA207127DE006756DB /* AppDelegate.swift */; };
		11C456BD207127DE006756DB /* ViewController.swift in Sources */ = {isa = PBXBuildFile; fileRef = 11C456BC207127DE006756DB /* ViewController.swift */; };
		11C456BF207127DE006756DB /* Assets.xcassets in Resources */ = {isa = PBXBuildFile; fileRef = 11C456BE207127DE006756DB /* Assets.xcassets */; };
		11C456C2207127DE006756DB /* Main.storyboard in Resources */ = {isa = PBXBuildFile; fileRef = 11C456C0207127DE006756DB /* Main.storyboard */; };
		11C456D220714921006756DB /* Filter.swift in Sources */ = {isa = PBXBuildFile; fileRef = 11C456D120714921006756DB /* Filter.swift */; };
		11C456D420725545006756DB /* GaussianBlurFilter.swift in Sources */ = {isa = PBXBuildFile; fileRef = 11C456D320725545006756DB /* GaussianBlurFilter.swift */; };
		11C456D62072555A006756DB /* GaussianBlurParallelFilter.swift in Sources */ = {isa = PBXBuildFile; fileRef = 11C456D52072555A006756DB /* GaussianBlurParallelFilter.swift */; };
		11C456D9207292D0006756DB /* SettingBoolView.swift in Sources */ = {isa = PBXBuildFile; fileRef = 11C456D8207292D0006756DB /* SettingBoolView.swift */; };
		11C456DB207292ED006756DB /* SettingIntegerView.swift in Sources */ = {isa = PBXBuildFile; fileRef = 11C456DA207292ED006756DB /* SettingIntegerView.swift */; };
		11C456DF2072930F006756DB /* SettingDoubleView.swift in Sources */ = {isa = PBXBuildFile; fileRef = 11C456DE2072930F006756DB /* SettingDoubleView.swift */; };
		11C456E120729323006756DB /* SettingBoolView.xib in Resources */ = {isa = PBXBuildFile; fileRef = 11C456E020729323006756DB /* SettingBoolView.xib */; };
		11C456E320729331006756DB /* SettingIntegerView.xib in Resources */ = {isa = PBXBuildFile; fileRef = 11C456E220729331006756DB /* SettingIntegerView.xib */; };
		11C456E520729360006756DB /* SettingDoubleView.xib in Resources */ = {isa = PBXBuildFile; fileRef = 11C456E420729360006756DB /* SettingDoubleView.xib */; };
		11C456E720740562006756DB /* AppleGaussianBlurFilter.swift in Sources */ = {isa = PBXBuildFile; fileRef = 11C456E620740562006756DB /* AppleGaussianBlurFilter.swift */; };
		11DDD2A5207D49560085FC3F /* BadTrip.swift in Sources */ = {isa = PBXBuildFile; fileRef = 11DDD2A4207D49560085FC3F /* BadTrip.swift */; };
/* End PBXBuildFile section */

/* Begin PBXFileReference section */
		1116688320BD8E150007DEF6 /* GaussianBlurParallelEngine.h */ = {isa = PBXFileReference; lastKnownFileType = sourcecode.c.h; path = GaussianBlurParallelEngine.h; sourceTree = "<group>"; };
		1116688420BD8E150007DEF6 /* GaussianBlurParallelEngine.m */ = {isa = PBXFileReference; lastKnownFileType = sourcecode.c.objc; path = GaussianBlurParallelEngine.m; sourceTree = "<group>"; };
		11216616207DF92800730928 /* GaussianBlurEngine.c */ = {isa = PBXFileReference; fileEncoding = 4; lastKnownFileType = sourcecode.c.c; path = GaussianBlurEngine.c; sourceTree = "<group>"; };
		118325C52080B077000F4659 /* TheFilterer-Bridging-Header.h */ = {isa = PBXFileReference; lastKnownFileType = sourcecode.c.h; path = "TheFilterer-Bridging-Header.h"; sourceTree = "<group>"; };
		118325C62080B105000F4659 /* GaussianBlurEngine.h */ = {isa = PBXFileReference; fileEncoding = 4; lastKnownFileType = sourcecode.c.h; path = GaussianBlurEngine.h; sourceTree = "<group>"; };
		118325C72080B106000F4659 /* GaussianBlurEngine.m */ = {isa = PBXFileReference; fileEncoding = 4; lastKnownFileType = sourcecode.c.objc; path = GaussianBlurEngine.m; sourceTree = "<group>"; };
		11C456B7207127DE006756DB /* The Filterer.app */ = {isa = PBXFileReference; explicitFileType = wrapper.application; includeInIndex = 0; path = "The Filterer.app"; sourceTree = BUILT_PRODUCTS_DIR; };
		11C456BA207127DE006756DB /* AppDelegate.swift */ = {isa = PBXFileReference; lastKnownFileType = sourcecode.swift; path = AppDelegate.swift; sourceTree = "<group>"; };
		11C456BC207127DE006756DB /* ViewController.swift */ = {isa = PBXFileReference; lastKnownFileType = sourcecode.swift; path = ViewController.swift; sourceTree = "<group>"; };
		11C456BE207127DE006756DB /* Assets.xcassets */ = {isa = PBXFileReference; lastKnownFileType = folder.assetcatalog; path = Assets.xcassets; sourceTree = "<group>"; };
		11C456C1207127DE006756DB /* Base */ = {isa = PBXFileReference; lastKnownFileType = file.storyboard; name = Base; path = Base.lproj/Main.storyboard; sourceTree = "<group>"; };
		11C456C3207127DE006756DB /* Info.plist */ = {isa = PBXFileReference; lastKnownFileType = text.plist.xml; path = Info.plist; sourceTree = "<group>"; };
		11C456C4207127DE006756DB /* The_Filterer.entitlements */ = {isa = PBXFileReference; lastKnownFileType = text.plist.entitlements; path = The_Filterer.entitlements; sourceTree = "<group>"; };
		11C456D120714921006756DB /* Filter.swift */ = {isa = PBXFileReference; lastKnownFileType = sourcecode.swift; path = Filter.swift; sourceTree = "<group>"; };
		11C456D320725545006756DB /* GaussianBlurFilter.swift */ = {isa = PBXFileReference; lastKnownFileType = sourcecode.swift; path = GaussianBlurFilter.swift; sourceTree = "<group>"; };
		11C456D52072555A006756DB /* GaussianBlurParallelFilter.swift */ = {isa = PBXFileReference; lastKnownFileType = sourcecode.swift; path = GaussianBlurParallelFilter.swift; sourceTree = "<group>"; };
		11C456D8207292D0006756DB /* SettingBoolView.swift */ = {isa = PBXFileReference; lastKnownFileType = sourcecode.swift; path = SettingBoolView.swift; sourceTree = "<group>"; };
		11C456DA207292ED006756DB /* SettingIntegerView.swift */ = {isa = PBXFileReference; lastKnownFileType = sourcecode.swift; path = SettingIntegerView.swift; sourceTree = "<group>"; };
		11C456DE2072930F006756DB /* SettingDoubleView.swift */ = {isa = PBXFileReference; lastKnownFileType = sourcecode.swift; path = SettingDoubleView.swift; sourceTree = "<group>"; };
		11C456E020729323006756DB /* SettingBoolView.xib */ = {isa = PBXFileReference; lastKnownFileType = file.xib; path = SettingBoolView.xib; sourceTree = "<group>"; };
		11C456E220729331006756DB /* SettingIntegerView.xib */ = {isa = PBXFileReference; lastKnownFileType = file.xib; path = SettingIntegerView.xib; sourceTree = "<group>"; };
		11C456E420729360006756DB /* SettingDoubleView.xib */ = {isa = PBXFileReference; lastKnownFileType = file.xib; path = SettingDoubleView.xib; sourceTree = "<group>"; };
		11C456E620740562006756DB /* AppleGaussianBlurFilter.swift */ = {isa = PBXFileReference; lastKnownFileType = sourcecode.swift; path = AppleGaussianBlurFilter.swift; sourceTree = "<group>"; };
		11DDD2A4207D49560085FC3F /* BadTrip.swift */ = {isa = PBXFileReference; lastKnownFileType = sourcecode.swift; path = BadTrip.swift; sourceTree = "<group>"; };
/* End PBXFileReference section */

/* Begin PBXFrameworksBuildPhase section */
		11C456B4207127DE006756DB /* Frameworks */ = {
			isa = PBXFrameworksBuildPhase;
			buildActionMask = 2147483647;
			files = (
			);
			runOnlyForDeploymentPostprocessing = 0;
		};
/* End PBXFrameworksBuildPhase section */

/* Begin PBXGroup section */
		11216613207DF88300730928 /* FilterEngines */ = {
			isa = PBXGroup;
			children = (
				11216616207DF92800730928 /* GaussianBlurEngine.c */,
				118325C62080B105000F4659 /* GaussianBlurEngine.h */,
				118325C72080B106000F4659 /* GaussianBlurEngine.m */,
				1116688320BD8E150007DEF6 /* GaussianBlurParallelEngine.h */,
				1116688420BD8E150007DEF6 /* GaussianBlurParallelEngine.m */,
			);
			path = FilterEngines;
			sourceTree = "<group>";
		};
		11C456AE207127DE006756DB = {
			isa = PBXGroup;
			children = (
				118325C52080B077000F4659 /* TheFilterer-Bridging-Header.h */,
				11C456B9207127DE006756DB /* The Filterer */,
				11C456B8207127DE006756DB /* Products */,
			);
			sourceTree = "<group>";
		};
		11C456B8207127DE006756DB /* Products */ = {
			isa = PBXGroup;
			children = (
				11C456B7207127DE006756DB /* The Filterer.app */,
			);
			name = Products;
			sourceTree = "<group>";
		};
		11C456B9207127DE006756DB /* The Filterer */ = {
			isa = PBXGroup;
			children = (
				11C456BA207127DE006756DB /* AppDelegate.swift */,
				11C456CC20712CDC006756DB /* UI */,
				11C456CD20712CFA006756DB /* VC */,
				11C456D7207292A4006756DB /* View */,
				11C456CA20712CC4006756DB /* Model */,
				11C456CB20712CD4006756DB /* Resources */,
			);
			path = "The Filterer";
			sourceTree = "<group>";
		};
		11C456CA20712CC4006756DB /* Model */ = {
			isa = PBXGroup;
			children = (
				11C456D120714921006756DB /* Filter.swift */,
				11DDD2A4207D49560085FC3F /* BadTrip.swift */,
				11C456D320725545006756DB /* GaussianBlurFilter.swift */,
				11C456D52072555A006756DB /* GaussianBlurParallelFilter.swift */,
				11C456E620740562006756DB /* AppleGaussianBlurFilter.swift */,
				11216613207DF88300730928 /* FilterEngines */,
			);
			path = Model;
			sourceTree = "<group>";
		};
		11C456CB20712CD4006756DB /* Resources */ = {
			isa = PBXGroup;
			children = (
				11C456BE207127DE006756DB /* Assets.xcassets */,
				11C456C3207127DE006756DB /* Info.plist */,
				11C456C4207127DE006756DB /* The_Filterer.entitlements */,
			);
			path = Resources;
			sourceTree = "<group>";
		};
		11C456CC20712CDC006756DB /* UI */ = {
			isa = PBXGroup;
			children = (
				11C456C0207127DE006756DB /* Main.storyboard */,
				11C456E020729323006756DB /* SettingBoolView.xib */,
				11C456E220729331006756DB /* SettingIntegerView.xib */,
				11C456E420729360006756DB /* SettingDoubleView.xib */,
			);
			path = UI;
			sourceTree = "<group>";
		};
		11C456CD20712CFA006756DB /* VC */ = {
			isa = PBXGroup;
			children = (
				11C456BC207127DE006756DB /* ViewController.swift */,
			);
			path = VC;
			sourceTree = "<group>";
		};
		11C456D7207292A4006756DB /* View */ = {
			isa = PBXGroup;
			children = (
				11C456D8207292D0006756DB /* SettingBoolView.swift */,
				11C456DA207292ED006756DB /* SettingIntegerView.swift */,
				11C456DE2072930F006756DB /* SettingDoubleView.swift */,
			);
			path = View;
			sourceTree = "<group>";
		};
/* End PBXGroup section */

/* Begin PBXNativeTarget section */
		11C456B6207127DE006756DB /* The Filterer */ = {
			isa = PBXNativeTarget;
			buildConfigurationList = 11C456C7207127DE006756DB /* Build configuration list for PBXNativeTarget "The Filterer" */;
			buildPhases = (
				11C456B3207127DE006756DB /* Sources */,
				11C456B4207127DE006756DB /* Frameworks */,
				11C456B5207127DE006756DB /* Resources */,
			);
			buildRules = (
			);
			dependencies = (
			);
			name = "The Filterer";
			productName = "The Filterer";
			productReference = 11C456B7207127DE006756DB /* The Filterer.app */;
			productType = "com.apple.product-type.application";
		};
/* End PBXNativeTarget section */

/* Begin PBXProject section */
		11C456AF207127DE006756DB /* Project object */ = {
			isa = PBXProject;
			attributes = {
				LastSwiftUpdateCheck = 0920;
				LastUpgradeCheck = 0920;
				ORGANIZATIONNAME = Alexander;
				TargetAttributes = {
					11C456B6207127DE006756DB = {
						CreatedOnToolsVersion = 9.2;
						LastSwiftMigration = 0920;
						ProvisioningStyle = Automatic;
					};
				};
			};
			buildConfigurationList = 11C456B2207127DE006756DB /* Build configuration list for PBXProject "The Filterer" */;
			compatibilityVersion = "Xcode 8.0";
			developmentRegion = en;
			hasScannedForEncodings = 0;
			knownRegions = (
				en,
				Base,
			);
			mainGroup = 11C456AE207127DE006756DB;
			productRefGroup = 11C456B8207127DE006756DB /* Products */;
			projectDirPath = "";
			projectRoot = "";
			targets = (
				11C456B6207127DE006756DB /* The Filterer */,
			);
		};
/* End PBXProject section */

/* Begin PBXResourcesBuildPhase section */
		11C456B5207127DE006756DB /* Resources */ = {
			isa = PBXResourcesBuildPhase;
			buildActionMask = 2147483647;
			files = (
				11C456BF207127DE006756DB /* Assets.xcassets in Resources */,
				11C456E120729323006756DB /* SettingBoolView.xib in Resources */,
				11C456E320729331006756DB /* SettingIntegerView.xib in Resources */,
				11C456E520729360006756DB /* SettingDoubleView.xib in Resources */,
				11C456C2207127DE006756DB /* Main.storyboard in Resources */,
			);
			runOnlyForDeploymentPostprocessing = 0;
		};
/* End PBXResourcesBuildPhase section */

/* Begin PBXSourcesBuildPhase section */
		11C456B3207127DE006756DB /* Sources */ = {
			isa = PBXSourcesBuildPhase;
			buildActionMask = 2147483647;
			files = (
				11216617207DF92800730928 /* GaussianBlurEngine.c in Sources */,
				11C456DB207292ED006756DB /* SettingIntegerView.swift in Sources */,
				11C456BD207127DE006756DB /* ViewController.swift in Sources */,
				11C456E720740562006756DB /* AppleGaussianBlurFilter.swift in Sources */,
				11C456D420725545006756DB /* GaussianBlurFilter.swift in Sources */,
				118325C82080B106000F4659 /* GaussianBlurEngine.m in Sources */,
				11C456D220714921006756DB /* Filter.swift in Sources */,
				11C456D9207292D0006756DB /* SettingBoolView.swift in Sources */,
				11C456D62072555A006756DB /* GaussianBlurParallelFilter.swift in Sources */,
				11C456DF2072930F006756DB /* SettingDoubleView.swift in Sources */,
				11DDD2A5207D49560085FC3F /* BadTrip.swift in Sources */,
				1116688520BD8E150007DEF6 /* GaussianBlurParallelEngine.m in Sources */,
				11C456BB207127DE006756DB /* AppDelegate.swift in Sources */,
			);
			runOnlyForDeploymentPostprocessing = 0;
		};
/* End PBXSourcesBuildPhase section */

/* Begin PBXVariantGroup section */
		11C456C0207127DE006756DB /* Main.storyboard */ = {
			isa = PBXVariantGroup;
			children = (
				11C456C1207127DE006756DB /* Base */,
			);
			name = Main.storyboard;
			sourceTree = "<group>";
		};
/* End PBXVariantGroup section */

/* Begin XCBuildConfiguration section */
		11C456C5207127DE006756DB /* Debug */ = {
			isa = XCBuildConfiguration;
			buildSettings = {
				ALWAYS_SEARCH_USER_PATHS = NO;
				CLANG_ANALYZER_NONNULL = YES;
				CLANG_ANALYZER_NUMBER_OBJECT_CONVERSION = YES_AGGRESSIVE;
				CLANG_CXX_LANGUAGE_STANDARD = "gnu++14";
				CLANG_CXX_LIBRARY = "libc++";
				CLANG_ENABLE_MODULES = YES;
				CLANG_ENABLE_OBJC_ARC = YES;
				CLANG_WARN_BLOCK_CAPTURE_AUTORELEASING = YES;
				CLANG_WARN_BOOL_CONVERSION = YES;
				CLANG_WARN_COMMA = YES;
				CLANG_WARN_CONSTANT_CONVERSION = YES;
				CLANG_WARN_DIRECT_OBJC_ISA_USAGE = YES_ERROR;
				CLANG_WARN_DOCUMENTATION_COMMENTS = YES;
				CLANG_WARN_EMPTY_BODY = YES;
				CLANG_WARN_ENUM_CONVERSION = YES;
				CLANG_WARN_INFINITE_RECURSION = YES;
				CLANG_WARN_INT_CONVERSION = YES;
				CLANG_WARN_NON_LITERAL_NULL_CONVERSION = YES;
				CLANG_WARN_OBJC_LITERAL_CONVERSION = YES;
				CLANG_WARN_OBJC_ROOT_CLASS = YES_ERROR;
				CLANG_WARN_RANGE_LOOP_ANALYSIS = YES;
				CLANG_WARN_STRICT_PROTOTYPES = YES;
				CLANG_WARN_SUSPICIOUS_MOVE = YES;
				CLANG_WARN_UNGUARDED_AVAILABILITY = YES_AGGRESSIVE;
				CLANG_WARN_UNREACHABLE_CODE = YES;
				CLANG_WARN__DUPLICATE_METHOD_MATCH = YES;
				CODE_SIGN_IDENTITY = "Mac Developer";
				COPY_PHASE_STRIP = NO;
				DEBUG_INFORMATION_FORMAT = dwarf;
				ENABLE_STRICT_OBJC_MSGSEND = YES;
				ENABLE_TESTABILITY = YES;
				GCC_C_LANGUAGE_STANDARD = gnu11;
				GCC_DYNAMIC_NO_PIC = NO;
				GCC_NO_COMMON_BLOCKS = YES;
				GCC_OPTIMIZATION_LEVEL = 0;
				GCC_PREPROCESSOR_DEFINITIONS = (
					"DEBUG=1",
					"$(inherited)",
				);
				GCC_WARN_64_TO_32_BIT_CONVERSION = YES;
				GCC_WARN_ABOUT_RETURN_TYPE = YES_ERROR;
				GCC_WARN_UNDECLARED_SELECTOR = YES;
				GCC_WARN_UNINITIALIZED_AUTOS = YES_AGGRESSIVE;
				GCC_WARN_UNUSED_FUNCTION = YES;
				GCC_WARN_UNUSED_VARIABLE = YES;
				MACOSX_DEPLOYMENT_TARGET = 10.13;
				MTL_ENABLE_DEBUG_INFO = YES;
				ONLY_ACTIVE_ARCH = YES;
				SDKROOT = macosx;
				SWIFT_ACTIVE_COMPILATION_CONDITIONS = DEBUG;
				SWIFT_OPTIMIZATION_LEVEL = "-Onone";
			};
			name = Debug;
		};
		11C456C6207127DE006756DB /* Release */ = {
			isa = XCBuildConfiguration;
			buildSettings = {
				ALWAYS_SEARCH_USER_PATHS = NO;
				CLANG_ANALYZER_NONNULL = YES;
				CLANG_ANALYZER_NUMBER_OBJECT_CONVERSION = YES_AGGRESSIVE;
				CLANG_CXX_LANGUAGE_STANDARD = "gnu++14";
				CLANG_CXX_LIBRARY = "libc++";
				CLANG_ENABLE_MODULES = YES;
				CLANG_ENABLE_OBJC_ARC = YES;
				CLANG_WARN_BLOCK_CAPTURE_AUTORELEASING = YES;
				CLANG_WARN_BOOL_CONVERSION = YES;
				CLANG_WARN_COMMA = YES;
				CLANG_WARN_CONSTANT_CONVERSION = YES;
				CLANG_WARN_DIRECT_OBJC_ISA_USAGE = YES_ERROR;
				CLANG_WARN_DOCUMENTATION_COMMENTS = YES;
				CLANG_WARN_EMPTY_BODY = YES;
				CLANG_WARN_ENUM_CONVERSION = YES;
				CLANG_WARN_INFINITE_RECURSION = YES;
				CLANG_WARN_INT_CONVERSION = YES;
				CLANG_WARN_NON_LITERAL_NULL_CONVERSION = YES;
				CLANG_WARN_OBJC_LITERAL_CONVERSION = YES;
				CLANG_WARN_OBJC_ROOT_CLASS = YES_ERROR;
				CLANG_WARN_RANGE_LOOP_ANALYSIS = YES;
				CLANG_WARN_STRICT_PROTOTYPES = YES;
				CLANG_WARN_SUSPICIOUS_MOVE = YES;
				CLANG_WARN_UNGUARDED_AVAILABILITY = YES_AGGRESSIVE;
				CLANG_WARN_UNREACHABLE_CODE = YES;
				CLANG_WARN__DUPLICATE_METHOD_MATCH = YES;
				CODE_SIGN_IDENTITY = "Mac Developer";
				COPY_PHASE_STRIP = NO;
				DEBUG_INFORMATION_FORMAT = "dwarf-with-dsym";
				ENABLE_NS_ASSERTIONS = NO;
				ENABLE_STRICT_OBJC_MSGSEND = YES;
				GCC_C_LANGUAGE_STANDARD = gnu11;
				GCC_NO_COMMON_BLOCKS = YES;
				GCC_WARN_64_TO_32_BIT_CONVERSION = YES;
				GCC_WARN_ABOUT_RETURN_TYPE = YES_ERROR;
				GCC_WARN_UNDECLARED_SELECTOR = YES;
				GCC_WARN_UNINITIALIZED_AUTOS = YES_AGGRESSIVE;
				GCC_WARN_UNUSED_FUNCTION = YES;
				GCC_WARN_UNUSED_VARIABLE = YES;
				MACOSX_DEPLOYMENT_TARGET = 10.13;
				MTL_ENABLE_DEBUG_INFO = NO;
				SDKROOT = macosx;
				SWIFT_OPTIMIZATION_LEVEL = "-Owholemodule";
			};
			name = Release;
		};
		11C456C8207127DE006756DB /* Debug */ = {
			isa = XCBuildConfiguration;
			buildSettings = {
				ASSETCATALOG_COMPILER_APPICON_NAME = AppIcon;
				CLANG_ENABLE_MODULES = YES;
				CODE_SIGN_ENTITLEMENTS = "The Filterer/Resources/The_Filterer.entitlements";
				CODE_SIGN_STYLE = Automatic;
				COMBINE_HIDPI_IMAGES = YES;
				DEVELOPMENT_TEAM = 896BE262HL;
				INFOPLIST_FILE = "The Filterer/Resources/Info.plist";
				LD_RUNPATH_SEARCH_PATHS = "$(inherited) @executable_path/../Frameworks";
				PRODUCT_BUNDLE_IDENTIFIER = "com.SealSoft.The-Filterer";
				PRODUCT_NAME = "$(TARGET_NAME)";
				SWIFT_INSTALL_OBJC_HEADER = YES;
				SWIFT_OBJC_BRIDGING_HEADER = "TheFilterer-Bridging-Header.h";
				SWIFT_OBJC_INTERFACE_HEADER_NAME = "";
				SWIFT_OPTIMIZATION_LEVEL = "-Onone";
				SWIFT_VERSION = 4.0;
			};
			name = Debug;
		};
		11C456C9207127DE006756DB /* Release */ = {
			isa = XCBuildConfiguration;
			buildSettings = {
				ASSETCATALOG_COMPILER_APPICON_NAME = AppIcon;
				CLANG_ENABLE_MODULES = YES;
				CODE_SIGN_ENTITLEMENTS = "The Filterer/Resources/The_Filterer.entitlements";
				CODE_SIGN_STYLE = Automatic;
				COMBINE_HIDPI_IMAGES = YES;
				DEVELOPMENT_TEAM = 896BE262HL;
				INFOPLIST_FILE = "The Filterer/Resources/Info.plist";
				LD_RUNPATH_SEARCH_PATHS = "$(inherited) @executable_path/../Frameworks";
				PRODUCT_BUNDLE_IDENTIFIER = "com.SealSoft.The-Filterer";
				PRODUCT_NAME = "$(TARGET_NAME)";
				SWIFT_INSTALL_OBJC_HEADER = YES;
				SWIFT_OBJC_BRIDGING_HEADER = "TheFilterer-Bridging-Header.h";
				SWIFT_OBJC_INTERFACE_HEADER_NAME = "";
				SWIFT_VERSION = 4.0;
			};
			name = Release;
		};
/* End XCBuildConfiguration section */

/* Begin XCConfigurationList section */
		11C456B2207127DE006756DB /* Build configuration list for PBXProject "The Filterer" */ = {
			isa = XCConfigurationList;
			buildConfigurations = (
				11C456C5207127DE006756DB /* Debug */,
				11C456C6207127DE006756DB /* Release */,
			);
			defaultConfigurationIsVisible = 0;
			defaultConfigurationName = Release;
		};
		11C456C7207127DE006756DB /* Build configuration list for PBXNativeTarget "The Filterer" */ = {
			isa = XCConfigurationList;
			buildConfigurations = (
				11C456C8207127DE006756DB /* Debug */,
				11C456C9207127DE006756DB /* Release */,
			);
			defaultConfigurationIsVisible = 0;
			defaultConfigurationName = Release;
		};
/* End XCConfigurationList section */
	};
	rootObject = 11C456AF207127DE006756DB /* Project object */;
}
